// !$*UTF8*$!
{
	archiveVersion = 1;
	classes = {
	};
	objectVersion = 56;
	objects = {

/* Begin PBXBuildFile section */
		52A59A0C2C629450007B9154 /* Personal_Budget_PlannerApp.swift in Sources */ = {isa = PBXBuildFile; fileRef = 52A59A0B2C629450007B9154 /* Personal_Budget_PlannerApp.swift */; };
		52A59A0E2C629450007B9154 /* ContentView.swift in Sources */ = {isa = PBXBuildFile; fileRef = 52A59A0D2C629450007B9154 /* ContentView.swift */; };
		52A59A102C629452007B9154 /* Assets.xcassets in Resources */ = {isa = PBXBuildFile; fileRef = 52A59A0F2C629452007B9154 /* Assets.xcassets */; };
		52A59A132C629452007B9154 /* Preview Assets.xcassets in Resources */ = {isa = PBXBuildFile; fileRef = 52A59A122C629452007B9154 /* Preview Assets.xcassets */; };
		52A59A1D2C629453007B9154 /* Personal_Budget_PlannerTests.swift in Sources */ = {isa = PBXBuildFile; fileRef = 52A59A1C2C629453007B9154 /* Personal_Budget_PlannerTests.swift */; };
		52A59A272C629453007B9154 /* Personal_Budget_PlannerUITests.swift in Sources */ = {isa = PBXBuildFile; fileRef = 52A59A262C629453007B9154 /* Personal_Budget_PlannerUITests.swift */; };
		52A59A292C629453007B9154 /* Personal_Budget_PlannerUITestsLaunchTests.swift in Sources */ = {isa = PBXBuildFile; fileRef = 52A59A282C629453007B9154 /* Personal_Budget_PlannerUITestsLaunchTests.swift */; };
		52A59A362C629466007B9154 /* ExpenseManager.swift in Sources */ = {isa = PBXBuildFile; fileRef = 52A59A352C629466007B9154 /* ExpenseManager.swift */; };
		52A59A382C629485007B9154 /* AddExpenseView.swift in Sources */ = {isa = PBXBuildFile; fileRef = 52A59A372C629485007B9154 /* AddExpenseView.swift */; };
		52A59A3F2C6294C0007B9154 /* EditExpenseView.swift in Sources */ = {isa = PBXBuildFile; fileRef = 52A59A3B2C6294A4007B9154 /* EditExpenseView.swift */; };
		52A59A412C6295CB007B9154 /* ExpenseModel.swift in Sources */ = {isa = PBXBuildFile; fileRef = 52A59A402C6295CB007B9154 /* ExpenseModel.swift */; };
		52A59A522C629F2F007B9154 /* ExpenseDetailView.swift in Sources */ = {isa = PBXBuildFile; fileRef = 52A59A512C629F2F007B9154 /* ExpenseDetailView.swift */; };
		52A59A542C62A0E3007B9154 /* CategoryManager.swift in Sources */ = {isa = PBXBuildFile; fileRef = 52A59A532C62A0E3007B9154 /* CategoryManager.swift */; };
		52A59A562C62A0F2007B9154 /* CategoriesView.swift in Sources */ = {isa = PBXBuildFile; fileRef = 52A59A552C62A0F2007B9154 /* CategoriesView.swift */; };
		52A59A582C62A10E007B9154 /* SummaryView.swift in Sources */ = {isa = PBXBuildFile; fileRef = 52A59A572C62A10E007B9154 /* SummaryView.swift */; };
		52A59A5A2C62A132007B9154 /* SearchBar.swift in Sources */ = {isa = PBXBuildFile; fileRef = 52A59A592C62A132007B9154 /* SearchBar.swift */; };
		52A59A5C2C63A4C8007B9154 /* AddEditExpenseView.swift in Sources */ = {isa = PBXBuildFile; fileRef = 52A59A5B2C63A4C8007B9154 /* AddEditExpenseView.swift */; };
/* End PBXBuildFile section */

/* Begin PBXContainerItemProxy section */
		52A59A192C629453007B9154 /* PBXContainerItemProxy */ = {
			isa = PBXContainerItemProxy;
			containerPortal = 52A59A002C629450007B9154 /* Project object */;
			proxyType = 1;
			remoteGlobalIDString = 52A59A072C629450007B9154;
			remoteInfo = "Personal Budget Planner";
		};
		52A59A232C629453007B9154 /* PBXContainerItemProxy */ = {
			isa = PBXContainerItemProxy;
			containerPortal = 52A59A002C629450007B9154 /* Project object */;
			proxyType = 1;
			remoteGlobalIDString = 52A59A072C629450007B9154;
			remoteInfo = "Personal Budget Planner";
		};
/* End PBXContainerItemProxy section */

/* Begin PBXFileReference section */
		52A59A082C629450007B9154 /* Personal Budget Planner.app */ = {isa = PBXFileReference; explicitFileType = wrapper.application; includeInIndex = 0; path = "Personal Budget Planner.app"; sourceTree = BUILT_PRODUCTS_DIR; };
		52A59A0B2C629450007B9154 /* Personal_Budget_PlannerApp.swift */ = {isa = PBXFileReference; lastKnownFileType = sourcecode.swift; path = Personal_Budget_PlannerApp.swift; sourceTree = "<group>"; };
		52A59A0D2C629450007B9154 /* ContentView.swift */ = {isa = PBXFileReference; lastKnownFileType = sourcecode.swift; path = ContentView.swift; sourceTree = "<group>"; };
		52A59A0F2C629452007B9154 /* Assets.xcassets */ = {isa = PBXFileReference; lastKnownFileType = folder.assetcatalog; path = Assets.xcassets; sourceTree = "<group>"; };
		52A59A122C629452007B9154 /* Preview Assets.xcassets */ = {isa = PBXFileReference; lastKnownFileType = folder.assetcatalog; path = "Preview Assets.xcassets"; sourceTree = "<group>"; };
		52A59A182C629453007B9154 /* Personal Budget PlannerTests.xctest */ = {isa = PBXFileReference; explicitFileType = wrapper.cfbundle; includeInIndex = 0; path = "Personal Budget PlannerTests.xctest"; sourceTree = BUILT_PRODUCTS_DIR; };
		52A59A1C2C629453007B9154 /* Personal_Budget_PlannerTests.swift */ = {isa = PBXFileReference; lastKnownFileType = sourcecode.swift; path = Personal_Budget_PlannerTests.swift; sourceTree = "<group>"; };
		52A59A222C629453007B9154 /* Personal Budget PlannerUITests.xctest */ = {isa = PBXFileReference; explicitFileType = wrapper.cfbundle; includeInIndex = 0; path = "Personal Budget PlannerUITests.xctest"; sourceTree = BUILT_PRODUCTS_DIR; };
		52A59A262C629453007B9154 /* Personal_Budget_PlannerUITests.swift */ = {isa = PBXFileReference; lastKnownFileType = sourcecode.swift; path = Personal_Budget_PlannerUITests.swift; sourceTree = "<group>"; };
		52A59A282C629453007B9154 /* Personal_Budget_PlannerUITestsLaunchTests.swift */ = {isa = PBXFileReference; lastKnownFileType = sourcecode.swift; path = Personal_Budget_PlannerUITestsLaunchTests.swift; sourceTree = "<group>"; };
		52A59A352C629466007B9154 /* ExpenseManager.swift */ = {isa = PBXFileReference; lastKnownFileType = sourcecode.swift; path = ExpenseManager.swift; sourceTree = "<group>"; };
		52A59A372C629485007B9154 /* AddExpenseView.swift */ = {isa = PBXFileReference; lastKnownFileType = sourcecode.swift; path = AddExpenseView.swift; sourceTree = "<group>"; };
		52A59A3B2C6294A4007B9154 /* EditExpenseView.swift */ = {isa = PBXFileReference; lastKnownFileType = sourcecode.swift; path = EditExpenseView.swift; sourceTree = "<group>"; };
		52A59A402C6295CB007B9154 /* ExpenseModel.swift */ = {isa = PBXFileReference; lastKnownFileType = sourcecode.swift; path = ExpenseModel.swift; sourceTree = "<group>"; };
		52A59A512C629F2F007B9154 /* ExpenseDetailView.swift */ = {isa = PBXFileReference; lastKnownFileType = sourcecode.swift; path = ExpenseDetailView.swift; sourceTree = "<group>"; };
		52A59A532C62A0E3007B9154 /* CategoryManager.swift */ = {isa = PBXFileReference; lastKnownFileType = sourcecode.swift; path = CategoryManager.swift; sourceTree = "<group>"; };
		52A59A552C62A0F2007B9154 /* CategoriesView.swift */ = {isa = PBXFileReference; lastKnownFileType = sourcecode.swift; path = CategoriesView.swift; sourceTree = "<group>"; };
		52A59A572C62A10E007B9154 /* SummaryView.swift */ = {isa = PBXFileReference; lastKnownFileType = sourcecode.swift; path = SummaryView.swift; sourceTree = "<group>"; };
		52A59A592C62A132007B9154 /* SearchBar.swift */ = {isa = PBXFileReference; lastKnownFileType = sourcecode.swift; path = SearchBar.swift; sourceTree = "<group>"; };
		52A59A5B2C63A4C8007B9154 /* AddEditExpenseView.swift */ = {isa = PBXFileReference; lastKnownFileType = sourcecode.swift; path = AddEditExpenseView.swift; sourceTree = "<group>"; };
/* End PBXFileReference section */

/* Begin PBXFrameworksBuildPhase section */
		52A59A052C629450007B9154 /* Frameworks */ = {
			isa = PBXFrameworksBuildPhase;
			buildActionMask = 2147483647;
			files = (
			);
			runOnlyForDeploymentPostprocessing = 0;
		};
		52A59A152C629453007B9154 /* Frameworks */ = {
			isa = PBXFrameworksBuildPhase;
			buildActionMask = 2147483647;
			files = (
			);
			runOnlyForDeploymentPostprocessing = 0;
		};
		52A59A1F2C629453007B9154 /* Frameworks */ = {
			isa = PBXFrameworksBuildPhase;
			buildActionMask = 2147483647;
			files = (
			);
			runOnlyForDeploymentPostprocessing = 0;
		};
/* End PBXFrameworksBuildPhase section */

/* Begin PBXGroup section */
		52A599FF2C629450007B9154 = {
			isa = PBXGroup;
			children = (
				52A59A0A2C629450007B9154 /* Personal Budget Planner */,
				52A59A1B2C629453007B9154 /* Personal Budget PlannerTests */,
				52A59A252C629453007B9154 /* Personal Budget PlannerUITests */,
				52A59A092C629450007B9154 /* Products */,
			);
			sourceTree = "<group>";
		};
		52A59A092C629450007B9154 /* Products */ = {
			isa = PBXGroup;
			children = (
				52A59A082C629450007B9154 /* Personal Budget Planner.app */,
				52A59A182C629453007B9154 /* Personal Budget PlannerTests.xctest */,
				52A59A222C629453007B9154 /* Personal Budget PlannerUITests.xctest */,
			);
			name = Products;
			sourceTree = "<group>";
		};
		52A59A0A2C629450007B9154 /* Personal Budget Planner */ = {
			isa = PBXGroup;
			children = (
				52A59A0B2C629450007B9154 /* Personal_Budget_PlannerApp.swift */,
				52A59A0D2C629450007B9154 /* ContentView.swift */,
				52A59A5B2C63A4C8007B9154 /* AddEditExpenseView.swift */,
				52A59A592C62A132007B9154 /* SearchBar.swift */,
				52A59A402C6295CB007B9154 /* ExpenseModel.swift */,
				52A59A352C629466007B9154 /* ExpenseManager.swift */,
				52A59A372C629485007B9154 /* AddExpenseView.swift */,
				52A59A3B2C6294A4007B9154 /* EditExpenseView.swift */,
				52A59A512C629F2F007B9154 /* ExpenseDetailView.swift */,
				52A59A532C62A0E3007B9154 /* CategoryManager.swift */,
				52A59A552C62A0F2007B9154 /* CategoriesView.swift */,
				52A59A572C62A10E007B9154 /* SummaryView.swift */,
				52A59A0F2C629452007B9154 /* Assets.xcassets */,
				52A59A112C629452007B9154 /* Preview Content */,
			);
			path = "Personal Budget Planner";
			sourceTree = "<group>";
		};
		52A59A112C629452007B9154 /* Preview Content */ = {
			isa = PBXGroup;
			children = (
				52A59A122C629452007B9154 /* Preview Assets.xcassets */,
			);
			path = "Preview Content";
			sourceTree = "<group>";
		};
		52A59A1B2C629453007B9154 /* Personal Budget PlannerTests */ = {
			isa = PBXGroup;
			children = (
				52A59A1C2C629453007B9154 /* Personal_Budget_PlannerTests.swift */,
			);
			path = "Personal Budget PlannerTests";
			sourceTree = "<group>";
		};
		52A59A252C629453007B9154 /* Personal Budget PlannerUITests */ = {
			isa = PBXGroup;
			children = (
				52A59A262C629453007B9154 /* Personal_Budget_PlannerUITests.swift */,
				52A59A282C629453007B9154 /* Personal_Budget_PlannerUITestsLaunchTests.swift */,
			);
			path = "Personal Budget PlannerUITests";
			sourceTree = "<group>";
		};
/* End PBXGroup section */

/* Begin PBXNativeTarget section */
		52A59A072C629450007B9154 /* Personal Budget Planner */ = {
			isa = PBXNativeTarget;
			buildConfigurationList = 52A59A2C2C629453007B9154 /* Build configuration list for PBXNativeTarget "Personal Budget Planner" */;
			buildPhases = (
				52A59A042C629450007B9154 /* Sources */,
				52A59A052C629450007B9154 /* Frameworks */,
				52A59A062C629450007B9154 /* Resources */,
			);
			buildRules = (
			);
			dependencies = (
			);
			name = "Personal Budget Planner";
			packageProductDependencies = (
			);
			productName = "Personal Budget Planner";
			productReference = 52A59A082C629450007B9154 /* Personal Budget Planner.app */;
			productType = "com.apple.product-type.application";
		};
		52A59A172C629453007B9154 /* Personal Budget PlannerTests */ = {
			isa = PBXNativeTarget;
			buildConfigurationList = 52A59A2F2C629453007B9154 /* Build configuration list for PBXNativeTarget "Personal Budget PlannerTests" */;
			buildPhases = (
				52A59A142C629453007B9154 /* Sources */,
				52A59A152C629453007B9154 /* Frameworks */,
				52A59A162C629453007B9154 /* Resources */,
			);
			buildRules = (
			);
			dependencies = (
				52A59A1A2C629453007B9154 /* PBXTargetDependency */,
			);
			name = "Personal Budget PlannerTests";
			productName = "Personal Budget PlannerTests";
			productReference = 52A59A182C629453007B9154 /* Personal Budget PlannerTests.xctest */;
			productType = "com.apple.product-type.bundle.unit-test";
		};
		52A59A212C629453007B9154 /* Personal Budget PlannerUITests */ = {
			isa = PBXNativeTarget;
			buildConfigurationList = 52A59A322C629453007B9154 /* Build configuration list for PBXNativeTarget "Personal Budget PlannerUITests" */;
			buildPhases = (
				52A59A1E2C629453007B9154 /* Sources */,
				52A59A1F2C629453007B9154 /* Frameworks */,
				52A59A202C629453007B9154 /* Resources */,
			);
			buildRules = (
			);
			dependencies = (
				52A59A242C629453007B9154 /* PBXTargetDependency */,
			);
			name = "Personal Budget PlannerUITests";
			productName = "Personal Budget PlannerUITests";
			productReference = 52A59A222C629453007B9154 /* Personal Budget PlannerUITests.xctest */;
			productType = "com.apple.product-type.bundle.ui-testing";
		};
/* End PBXNativeTarget section */

/* Begin PBXProject section */
		52A59A002C629450007B9154 /* Project object */ = {
			isa = PBXProject;
			attributes = {
				BuildIndependentTargetsInParallel = 1;
				LastSwiftUpdateCheck = 1540;
				LastUpgradeCheck = 1540;
				TargetAttributes = {
					52A59A072C629450007B9154 = {
						CreatedOnToolsVersion = 15.4;
					};
					52A59A172C629453007B9154 = {
						CreatedOnToolsVersion = 15.4;
						TestTargetID = 52A59A072C629450007B9154;
					};
					52A59A212C629453007B9154 = {
						CreatedOnToolsVersion = 15.4;
						TestTargetID = 52A59A072C629450007B9154;
					};
				};
			};
			buildConfigurationList = 52A59A032C629450007B9154 /* Build configuration list for PBXProject "Personal Budget Planner" */;
			compatibilityVersion = "Xcode 14.0";
			developmentRegion = en;
			hasScannedForEncodings = 0;
			knownRegions = (
				en,
				Base,
			);
			mainGroup = 52A599FF2C629450007B9154;
			packageReferences = (
			);
			productRefGroup = 52A59A092C629450007B9154 /* Products */;
			projectDirPath = "";
			projectRoot = "";
			targets = (
				52A59A072C629450007B9154 /* Personal Budget Planner */,
				52A59A172C629453007B9154 /* Personal Budget PlannerTests */,
				52A59A212C629453007B9154 /* Personal Budget PlannerUITests */,
			);
		};
/* End PBXProject section */

/* Begin PBXResourcesBuildPhase section */
		52A59A062C629450007B9154 /* Resources */ = {
			isa = PBXResourcesBuildPhase;
			buildActionMask = 2147483647;
			files = (
				52A59A132C629452007B9154 /* Preview Assets.xcassets in Resources */,
				52A59A102C629452007B9154 /* Assets.xcassets in Resources */,
			);
			runOnlyForDeploymentPostprocessing = 0;
		};
		52A59A162C629453007B9154 /* Resources */ = {
			isa = PBXResourcesBuildPhase;
			buildActionMask = 2147483647;
			files = (
			);
			runOnlyForDeploymentPostprocessing = 0;
		};
		52A59A202C629453007B9154 /* Resources */ = {
			isa = PBXResourcesBuildPhase;
			buildActionMask = 2147483647;
			files = (
			);
			runOnlyForDeploymentPostprocessing = 0;
		};
/* End PBXResourcesBuildPhase section */

/* Begin PBXSourcesBuildPhase section */
		52A59A042C629450007B9154 /* Sources */ = {
			isa = PBXSourcesBuildPhase;
			buildActionMask = 2147483647;
			files = (
				52A59A522C629F2F007B9154 /* ExpenseDetailView.swift in Sources */,
				52A59A542C62A0E3007B9154 /* CategoryManager.swift in Sources */,
				52A59A412C6295CB007B9154 /* ExpenseModel.swift in Sources */,
				52A59A0E2C629450007B9154 /* ContentView.swift in Sources */,
				52A59A362C629466007B9154 /* ExpenseManager.swift in Sources */,
				52A59A5C2C63A4C8007B9154 /* AddEditExpenseView.swift in Sources */,
				52A59A562C62A0F2007B9154 /* CategoriesView.swift in Sources */,
				52A59A0C2C629450007B9154 /* Personal_Budget_PlannerApp.swift in Sources */,
				52A59A582C62A10E007B9154 /* SummaryView.swift in Sources */,
				52A59A382C629485007B9154 /* AddExpenseView.swift in Sources */,
				52A59A5A2C62A132007B9154 /* SearchBar.swift in Sources */,
				52A59A3F2C6294C0007B9154 /* EditExpenseView.swift in Sources */,
			);
			runOnlyForDeploymentPostprocessing = 0;
		};
		52A59A142C629453007B9154 /* Sources */ = {
			isa = PBXSourcesBuildPhase;
			buildActionMask = 2147483647;
			files = (
				52A59A1D2C629453007B9154 /* Personal_Budget_PlannerTests.swift in Sources */,
			);
			runOnlyForDeploymentPostprocessing = 0;
		};
		52A59A1E2C629453007B9154 /* Sources */ = {
			isa = PBXSourcesBuildPhase;
			buildActionMask = 2147483647;
			files = (
				52A59A292C629453007B9154 /* Personal_Budget_PlannerUITestsLaunchTests.swift in Sources */,
				52A59A272C629453007B9154 /* Personal_Budget_PlannerUITests.swift in Sources */,
			);
			runOnlyForDeploymentPostprocessing = 0;
		};
/* End PBXSourcesBuildPhase section */

/* Begin PBXTargetDependency section */
		52A59A1A2C629453007B9154 /* PBXTargetDependency */ = {
			isa = PBXTargetDependency;
			target = 52A59A072C629450007B9154 /* Personal Budget Planner */;
			targetProxy = 52A59A192C629453007B9154 /* PBXContainerItemProxy */;
		};
		52A59A242C629453007B9154 /* PBXTargetDependency */ = {
			isa = PBXTargetDependency;
			target = 52A59A072C629450007B9154 /* Personal Budget Planner */;
			targetProxy = 52A59A232C629453007B9154 /* PBXContainerItemProxy */;
		};
/* End PBXTargetDependency section */

/* Begin XCBuildConfiguration section */
		52A59A2A2C629453007B9154 /* Debug */ = {
			isa = XCBuildConfiguration;
			buildSettings = {
				ALWAYS_SEARCH_USER_PATHS = NO;
				ASSETCATALOG_COMPILER_GENERATE_SWIFT_ASSET_SYMBOL_EXTENSIONS = YES;
				CLANG_ANALYZER_NONNULL = YES;
				CLANG_ANALYZER_NUMBER_OBJECT_CONVERSION = YES_AGGRESSIVE;
				CLANG_CXX_LANGUAGE_STANDARD = "gnu++20";
				CLANG_ENABLE_MODULES = YES;
				CLANG_ENABLE_OBJC_ARC = YES;
				CLANG_ENABLE_OBJC_WEAK = YES;
				CLANG_WARN_BLOCK_CAPTURE_AUTORELEASING = YES;
				CLANG_WARN_BOOL_CONVERSION = YES;
				CLANG_WARN_COMMA = YES;
				CLANG_WARN_CONSTANT_CONVERSION = YES;
				CLANG_WARN_DEPRECATED_OBJC_IMPLEMENTATIONS = YES;
				CLANG_WARN_DIRECT_OBJC_ISA_USAGE = YES_ERROR;
				CLANG_WARN_DOCUMENTATION_COMMENTS = YES;
				CLANG_WARN_EMPTY_BODY = YES;
				CLANG_WARN_ENUM_CONVERSION = YES;
				CLANG_WARN_INFINITE_RECURSION = YES;
				CLANG_WARN_INT_CONVERSION = YES;
				CLANG_WARN_NON_LITERAL_NULL_CONVERSION = YES;
				CLANG_WARN_OBJC_IMPLICIT_RETAIN_SELF = YES;
				CLANG_WARN_OBJC_LITERAL_CONVERSION = YES;
				CLANG_WARN_OBJC_ROOT_CLASS = YES_ERROR;
				CLANG_WARN_QUOTED_INCLUDE_IN_FRAMEWORK_HEADER = YES;
				CLANG_WARN_RANGE_LOOP_ANALYSIS = YES;
				CLANG_WARN_STRICT_PROTOTYPES = YES;
				CLANG_WARN_SUSPICIOUS_MOVE = YES;
				CLANG_WARN_UNGUARDED_AVAILABILITY = YES_AGGRESSIVE;
				CLANG_WARN_UNREACHABLE_CODE = YES;
				CLANG_WARN__DUPLICATE_METHOD_MATCH = YES;
				COPY_PHASE_STRIP = NO;
				DEBUG_INFORMATION_FORMAT = dwarf;
				ENABLE_STRICT_OBJC_MSGSEND = YES;
				ENABLE_TESTABILITY = YES;
				ENABLE_USER_SCRIPT_SANDBOXING = YES;
				GCC_C_LANGUAGE_STANDARD = gnu17;
				GCC_DYNAMIC_NO_PIC = NO;
				GCC_NO_COMMON_BLOCKS = YES;
				GCC_OPTIMIZATION_LEVEL = 0;
				GCC_PREPROCESSOR_DEFINITIONS = (
					"DEBUG=1",
					"$(inherited)",
				);
				GCC_WARN_64_TO_32_BIT_CONVERSION = YES;
				GCC_WARN_ABOUT_RETURN_TYPE = YES_ERROR;
				GCC_WARN_UNDECLARED_SELECTOR = YES;
				GCC_WARN_UNINITIALIZED_AUTOS = YES_AGGRESSIVE;
				GCC_WARN_UNUSED_FUNCTION = YES;
				GCC_WARN_UNUSED_VARIABLE = YES;
				IPHONEOS_DEPLOYMENT_TARGET = 17.5;
				LOCALIZATION_PREFERS_STRING_CATALOGS = YES;
				MTL_ENABLE_DEBUG_INFO = INCLUDE_SOURCE;
				MTL_FAST_MATH = YES;
				ONLY_ACTIVE_ARCH = YES;
				SDKROOT = iphoneos;
				SWIFT_ACTIVE_COMPILATION_CONDITIONS = "DEBUG $(inherited)";
				SWIFT_OPTIMIZATION_LEVEL = "-Onone";
			};
			name = Debug;
		};
		52A59A2B2C629453007B9154 /* Release */ = {
			isa = XCBuildConfiguration;
			buildSettings = {
				ALWAYS_SEARCH_USER_PATHS = NO;
				ASSETCATALOG_COMPILER_GENERATE_SWIFT_ASSET_SYMBOL_EXTENSIONS = YES;
				CLANG_ANALYZER_NONNULL = YES;
				CLANG_ANALYZER_NUMBER_OBJECT_CONVERSION = YES_AGGRESSIVE;
				CLANG_CXX_LANGUAGE_STANDARD = "gnu++20";
				CLANG_ENABLE_MODULES = YES;
				CLANG_ENABLE_OBJC_ARC = YES;
				CLANG_ENABLE_OBJC_WEAK = YES;
				CLANG_WARN_BLOCK_CAPTURE_AUTORELEASING = YES;
				CLANG_WARN_BOOL_CONVERSION = YES;
				CLANG_WARN_COMMA = YES;
				CLANG_WARN_CONSTANT_CONVERSION = YES;
				CLANG_WARN_DEPRECATED_OBJC_IMPLEMENTATIONS = YES;
				CLANG_WARN_DIRECT_OBJC_ISA_USAGE = YES_ERROR;
				CLANG_WARN_DOCUMENTATION_COMMENTS = YES;
				CLANG_WARN_EMPTY_BODY = YES;
				CLANG_WARN_ENUM_CONVERSION = YES;
				CLANG_WARN_INFINITE_RECURSION = YES;
				CLANG_WARN_INT_CONVERSION = YES;
				CLANG_WARN_NON_LITERAL_NULL_CONVERSION = YES;
				CLANG_WARN_OBJC_IMPLICIT_RETAIN_SELF = YES;
				CLANG_WARN_OBJC_LITERAL_CONVERSION = YES;
				CLANG_WARN_OBJC_ROOT_CLASS = YES_ERROR;
				CLANG_WARN_QUOTED_INCLUDE_IN_FRAMEWORK_HEADER = YES;
				CLANG_WARN_RANGE_LOOP_ANALYSIS = YES;
				CLANG_WARN_STRICT_PROTOTYPES = YES;
				CLANG_WARN_SUSPICIOUS_MOVE = YES;
				CLANG_WARN_UNGUARDED_AVAILABILITY = YES_AGGRESSIVE;
				CLANG_WARN_UNREACHABLE_CODE = YES;
				CLANG_WARN__DUPLICATE_METHOD_MATCH = YES;
				COPY_PHASE_STRIP = NO;
				DEBUG_INFORMATION_FORMAT = "dwarf-with-dsym";
				ENABLE_NS_ASSERTIONS = NO;
				ENABLE_STRICT_OBJC_MSGSEND = YES;
				ENABLE_USER_SCRIPT_SANDBOXING = YES;
				GCC_C_LANGUAGE_STANDARD = gnu17;
				GCC_NO_COMMON_BLOCKS = YES;
				GCC_WARN_64_TO_32_BIT_CONVERSION = YES;
				GCC_WARN_ABOUT_RETURN_TYPE = YES_ERROR;
				GCC_WARN_UNDECLARED_SELECTOR = YES;
				GCC_WARN_UNINITIALIZED_AUTOS = YES_AGGRESSIVE;
				GCC_WARN_UNUSED_FUNCTION = YES;
				GCC_WARN_UNUSED_VARIABLE = YES;
				IPHONEOS_DEPLOYMENT_TARGET = 17.5;
				LOCALIZATION_PREFERS_STRING_CATALOGS = YES;
				MTL_ENABLE_DEBUG_INFO = NO;
				MTL_FAST_MATH = YES;
				SDKROOT = iphoneos;
				SWIFT_COMPILATION_MODE = wholemodule;
				VALIDATE_PRODUCT = YES;
			};
			name = Release;
		};
		52A59A2D2C629453007B9154 /* Debug */ = {
			isa = XCBuildConfiguration;
			buildSettings = {
				ASSETCATALOG_COMPILER_APPICON_NAME = AppIcon;
				ASSETCATALOG_COMPILER_GLOBAL_ACCENT_COLOR_NAME = AccentColor;
				CODE_SIGN_STYLE = Automatic;
				CURRENT_PROJECT_VERSION = 1;
				DEVELOPMENT_ASSET_PATHS = "\"Personal Budget Planner/Preview Content\"";
				DEVELOPMENT_TEAM = H29V2DC338;
				ENABLE_PREVIEWS = YES;
				GENERATE_INFOPLIST_FILE = YES;
				INFOPLIST_KEY_CFBundleDisplayName = "My Budget Tracker";
				INFOPLIST_KEY_UIApplicationSceneManifest_Generation = YES;
				INFOPLIST_KEY_UIApplicationSupportsIndirectInputEvents = YES;
				INFOPLIST_KEY_UILaunchScreen_Generation = YES;
				INFOPLIST_KEY_UISupportedInterfaceOrientations_iPad = "UIInterfaceOrientationPortrait UIInterfaceOrientationPortraitUpsideDown UIInterfaceOrientationLandscapeLeft UIInterfaceOrientationLandscapeRight";
				INFOPLIST_KEY_UISupportedInterfaceOrientations_iPhone = "UIInterfaceOrientationPortrait UIInterfaceOrientationLandscapeLeft UIInterfaceOrientationLandscapeRight";
				IPHONEOS_DEPLOYMENT_TARGET = 13.0;
				LD_RUNPATH_SEARCH_PATHS = (
					"$(inherited)",
					"@executable_path/Frameworks",
				);
				MARKETING_VERSION = 1.0;
				PRODUCT_BUNDLE_IDENTIFIER = "com.Personal-Budget-Planner";
				PRODUCT_NAME = "$(TARGET_NAME)";
				SUPPORTED_PLATFORMS = "iphoneos iphonesimulator";
				SUPPORTS_MACCATALYST = NO;
				SUPPORTS_MAC_DESIGNED_FOR_IPHONE_IPAD = NO;
				SUPPORTS_XR_DESIGNED_FOR_IPHONE_IPAD = NO;
				SWIFT_EMIT_LOC_STRINGS = YES;
				SWIFT_VERSION = 5.0;
				TARGETED_DEVICE_FAMILY = 1;
			};
			name = Debug;
		};
		52A59A2E2C629453007B9154 /* Release */ = {
			isa = XCBuildConfiguration;
			buildSettings = {
				ASSETCATALOG_COMPILER_APPICON_NAME = AppIcon;
				ASSETCATALOG_COMPILER_GLOBAL_ACCENT_COLOR_NAME = AccentColor;
				CODE_SIGN_STYLE = Automatic;
				CURRENT_PROJECT_VERSION = 1;
				DEVELOPMENT_ASSET_PATHS = "\"Personal Budget Planner/Preview Content\"";
				DEVELOPMENT_TEAM = H29V2DC338;
				ENABLE_PREVIEWS = YES;
				GENERATE_INFOPLIST_FILE = YES;
				INFOPLIST_KEY_CFBundleDisplayName = "My Budget Tracker";
				INFOPLIST_KEY_UIApplicationSceneManifest_Generation = YES;
				INFOPLIST_KEY_UIApplicationSupportsIndirectInputEvents = YES;
				INFOPLIST_KEY_UILaunchScreen_Generation = YES;
				INFOPLIST_KEY_UISupportedInterfaceOrientations_iPad = "UIInterfaceOrientationPortrait UIInterfaceOrientationPortraitUpsideDown UIInterfaceOrientationLandscapeLeft UIInterfaceOrientationLandscapeRight";
				INFOPLIST_KEY_UISupportedInterfaceOrientations_iPhone = "UIInterfaceOrientationPortrait UIInterfaceOrientationLandscapeLeft UIInterfaceOrientationLandscapeRight";
				IPHONEOS_DEPLOYMENT_TARGET = 13.0;
				LD_RUNPATH_SEARCH_PATHS = (
					"$(inherited)",
					"@executable_path/Frameworks",
				);
				MARKETING_VERSION = 1.0;
				PRODUCT_BUNDLE_IDENTIFIER = "com.Personal-Budget-Planner";
				PRODUCT_NAME = "$(TARGET_NAME)";
				SUPPORTED_PLATFORMS = "iphoneos iphonesimulator";
				SUPPORTS_MACCATALYST = NO;
				SUPPORTS_MAC_DESIGNED_FOR_IPHONE_IPAD = NO;
				SUPPORTS_XR_DESIGNED_FOR_IPHONE_IPAD = NO;
				SWIFT_EMIT_LOC_STRINGS = YES;
				SWIFT_VERSION = 5.0;
				TARGETED_DEVICE_FAMILY = 1;
			};
			name = Release;
		};
		52A59A302C629453007B9154 /* Debug */ = {
			isa = XCBuildConfiguration;
			buildSettings = {
				ALWAYS_EMBED_SWIFT_STANDARD_LIBRARIES = YES;
				BUNDLE_LOADER = "$(TEST_HOST)";
				CODE_SIGN_STYLE = Automatic;
				CURRENT_PROJECT_VERSION = 1;
				GENERATE_INFOPLIST_FILE = YES;
				IPHONEOS_DEPLOYMENT_TARGET = 17.5;
				MARKETING_VERSION = 1.0;
				PRODUCT_BUNDLE_IDENTIFIER = "com.Personal-Budget-PlannerTests";
				PRODUCT_NAME = "$(TARGET_NAME)";
				SWIFT_EMIT_LOC_STRINGS = NO;
				SWIFT_VERSION = 5.0;
				TARGETED_DEVICE_FAMILY = "1,2";
				TEST_HOST = "$(BUILT_PRODUCTS_DIR)/Personal Budget Planner.app/$(BUNDLE_EXECUTABLE_FOLDER_PATH)/Personal Budget Planner";
			};
			name = Debug;
		};
		52A59A312C629453007B9154 /* Release */ = {
			isa = XCBuildConfiguration;
			buildSettings = {
				ALWAYS_EMBED_SWIFT_STANDARD_LIBRARIES = YES;
				BUNDLE_LOADER = "$(TEST_HOST)";
				CODE_SIGN_STYLE = Automatic;
				CURRENT_PROJECT_VERSION = 1;
				GENERATE_INFOPLIST_FILE = YES;
				IPHONEOS_DEPLOYMENT_TARGET = 17.5;
				MARKETING_VERSION = 1.0;
				PRODUCT_BUNDLE_IDENTIFIER = "com.Personal-Budget-PlannerTests";
				PRODUCT_NAME = "$(TARGET_NAME)";
				SWIFT_EMIT_LOC_STRINGS = NO;
				SWIFT_VERSION = 5.0;
				TARGETED_DEVICE_FAMILY = "1,2";
				TEST_HOST = "$(BUILT_PRODUCTS_DIR)/Personal Budget Planner.app/$(BUNDLE_EXECUTABLE_FOLDER_PATH)/Personal Budget Planner";
			};
			name = Release;
		};
		52A59A332C629453007B9154 /* Debug */ = {
			isa = XCBuildConfiguration;
			buildSettings = {
				ALWAYS_EMBED_SWIFT_STANDARD_LIBRARIES = YES;
				CODE_SIGN_STYLE = Automatic;
				CURRENT_PROJECT_VERSION = 1;
				GENERATE_INFOPLIST_FILE = YES;
				MARKETING_VERSION = 1.0;
				PRODUCT_BUNDLE_IDENTIFIER = "com.Personal-Budget-PlannerUITests";
				PRODUCT_NAME = "$(TARGET_NAME)";
				SWIFT_EMIT_LOC_STRINGS = NO;
				SWIFT_VERSION = 5.0;
				TARGETED_DEVICE_FAMILY = "1,2";
				TEST_TARGET_NAME = "Personal Budget Planner";
			};
			name = Debug;
		};
		52A59A342C629453007B9154 /* Release */ = {
			isa = XCBuildConfiguration;
			buildSettings = {
				ALWAYS_EMBED_SWIFT_STANDARD_LIBRARIES = YES;
				CODE_SIGN_STYLE = Automatic;
				CURRENT_PROJECT_VERSION = 1;
				GENERATE_INFOPLIST_FILE = YES;
				MARKETING_VERSION = 1.0;
				PRODUCT_BUNDLE_IDENTIFIER = "com.Personal-Budget-PlannerUITests";
				PRODUCT_NAME = "$(TARGET_NAME)";
				SWIFT_EMIT_LOC_STRINGS = NO;
				SWIFT_VERSION = 5.0;
				TARGETED_DEVICE_FAMILY = "1,2";
				TEST_TARGET_NAME = "Personal Budget Planner";
			};
			name = Release;
		};
/* End XCBuildConfiguration section */

/* Begin XCConfigurationList section */
		52A59A032C629450007B9154 /* Build configuration list for PBXProject "Personal Budget Planner" */ = {
			isa = XCConfigurationList;
			buildConfigurations = (
				52A59A2A2C629453007B9154 /* Debug */,
				52A59A2B2C629453007B9154 /* Release */,
			);
			defaultConfigurationIsVisible = 0;
			defaultConfigurationName = Release;
		};
		52A59A2C2C629453007B9154 /* Build configuration list for PBXNativeTarget "Personal Budget Planner" */ = {
			isa = XCConfigurationList;
			buildConfigurations = (
				52A59A2D2C629453007B9154 /* Debug */,
				52A59A2E2C629453007B9154 /* Release */,
			);
			defaultConfigurationIsVisible = 0;
			defaultConfigurationName = Release;
		};
		52A59A2F2C629453007B9154 /* Build configuration list for PBXNativeTarget "Personal Budget PlannerTests" */ = {
			isa = XCConfigurationList;
			buildConfigurations = (
				52A59A302C629453007B9154 /* Debug */,
				52A59A312C629453007B9154 /* Release */,
			);
			defaultConfigurationIsVisible = 0;
			defaultConfigurationName = Release;
		};
		52A59A322C629453007B9154 /* Build configuration list for PBXNativeTarget "Personal Budget PlannerUITests" */ = {
			isa = XCConfigurationList;
			buildConfigurations = (
				52A59A332C629453007B9154 /* Debug */,
				52A59A342C629453007B9154 /* Release */,
			);
			defaultConfigurationIsVisible = 0;
			defaultConfigurationName = Release;
		};
/* End XCConfigurationList section */
	};
	rootObject = 52A59A002C629450007B9154 /* Project object */;
}
